
Microsoft Visual Studio Solution File, Format Version 12.00
# Visual Studio Version 17
VisualStudioVersion = 17.5.33424.131
MinimumVisualStudioVersion = 10.0.40219.1
Project("{9A19103F-16F7-4668-BE54-9A1E7A4F7556}") = "ParenthesesOrderValidator", "ParenthesesOrderValidator\ParenthesesOrderValidator.csproj", "{B7BE3A0C-9D1E-484C-8388-2F9DC834DB42}"
EndProject
Project("{FAE04EC0-301F-11D3-BF4B-00C04F79EFBC}") = "RomanNumeralRep", "RomanNumeralRep\RomanNumeralRep.csproj", "{7E856747-FEDA-4BF1-BF2F-27BFF256C505}"
EndProject
Global
	GlobalSection(SolutionConfigurationPlatforms) = preSolution
		Debug|Any CPU = Debug|Any CPU
		Release|Any CPU = Release|Any CPU
	EndGlobalSection
	GlobalSection(ProjectConfigurationPlatforms) = postSolution
		{B7BE3A0C-9D1E-484C-8388-2F9DC834DB42}.Debug|Any CPU.ActiveCfg = Debug|Any CPU
		{B7BE3A0C-9D1E-484C-8388-2F9DC834DB42}.Debug|Any CPU.Build.0 = Debug|Any CPU
		{B7BE3A0C-9D1E-484C-8388-2F9DC834DB42}.Release|Any CPU.ActiveCfg = Release|Any CPU
		{B7BE3A0C-9D1E-484C-8388-2F9DC834DB42}.Release|Any CPU.Build.0 = Release|Any CPU
		{7E856747-FEDA-4BF1-BF2F-27BFF256C505}.Debug|Any CPU.ActiveCfg = Debug|Any CPU
		{7E856747-FEDA-4BF1-BF2F-27BFF256C505}.Debug|Any CPU.Build.0 = Debug|Any CPU
		{7E856747-FEDA-4BF1-BF2F-27BFF256C505}.Release|Any CPU.ActiveCfg = Release|Any CPU
		{7E856747-FEDA-4BF1-BF2F-27BFF256C505}.Release|Any CPU.Build.0 = Release|Any CPU
	EndGlobalSection
	GlobalSection(SolutionProperties) = preSolution
		HideSolutionNode = FALSE
	EndGlobalSection
	GlobalSection(ExtensibilityGlobals) = postSolution
		SolutionGuid = {A8E62686-D187-4A15-B20F-4494421BCCFA}
	EndGlobalSection
EndGlobal
